
Microsoft Visual Studio Solution File, Format Version 12.00
# Visual Studio 14
VisualStudioVersion = 14.0.23107.0
MinimumVisualStudioVersion = 10.0.40219.1
Project("{FAE04EC0-301F-11D3-BF4B-00C04F79EFBC}") = "RbxFontConverter", "RbxFontConverter\RbxFontConverter.csproj", "{CA65281F-8D90-4C1B-A55E-3788C24FDA5D}"
EndProject
Global
	GlobalSection(SolutionConfigurationPlatforms) = preSolution
		Debug|Any CPU = Debug|Any CPU
		Release|Any CPU = Release|Any CPU
	EndGlobalSection
	GlobalSection(ProjectConfigurationPlatforms) = postSolution
		{CA65281F-8D90-4C1B-A55E-3788C24FDA5D}.Debug|Any CPU.ActiveCfg = Debug|Any CPU
		{CA65281F-8D90-4C1B-A55E-3788C24FDA5D}.Debug|Any CPU.Build.0 = Debug|Any CPU
		{CA65281F-8D90-4C1B-A55E-3788C24FDA5D}.Release|Any CPU.ActiveCfg = Release|Any CPU
		{CA65281F-8D90-4C1B-A55E-3788C24FDA5D}.Release|Any CPU.Build.0 = Release|Any CPU
	EndGlobalSection
	GlobalSection(SolutionProperties) = preSolution
		HideSolutionNode = FALSE
	EndGlobalSection
EndGlobal
